
Microsoft Visual Studio Solution File, Format Version 12.00
# Visual Studio Version 16
VisualStudioVersion = 16.0.33328.57
MinimumVisualStudioVersion = 10.0.40219.1
Project("{8BC9CEB8-8B4A-11D0-8D11-00A0C91BC942}") = "C语言学习作业code", "C语言学习作业code\C语言学习作业code.vcxproj", "{80889B1D-D332-45BF-993F-6BFED5739660}"
EndProject
Project("{8BC9CEB8-8B4A-11D0-8D11-00A0C91BC942}") = "C语言实现小游戏（三子棋）", "C语言实现小游戏（三子棋）\C语言实现小游戏（三子棋）.vcxproj", "{2112F63C-0FE9-443E-B2F2-193510D40BD8}"
EndProject
Global
	GlobalSection(SolutionConfigurationPlatforms) = preSolution
		Debug|x64 = Debug|x64
		Debug|x86 = Debug|x86
		Release|x64 = Release|x64
		Release|x86 = Release|x86
	EndGlobalSection
	GlobalSection(ProjectConfigurationPlatforms) = postSolution
		{80889B1D-D332-45BF-993F-6BFED5739660}.Debug|x64.ActiveCfg = Debug|x64
		{80889B1D-D332-45BF-993F-6BFED5739660}.Debug|x64.Build.0 = Debug|x64
		{80889B1D-D332-45BF-993F-6BFED5739660}.Debug|x86.ActiveCfg = Debug|Win32
		{80889B1D-D332-45BF-993F-6BFED5739660}.Debug|x86.Build.0 = Debug|Win32
		{80889B1D-D332-45BF-993F-6BFED5739660}.Release|x64.ActiveCfg = Release|x64
		{80889B1D-D332-45BF-993F-6BFED5739660}.Release|x64.Build.0 = Release|x64
		{80889B1D-D332-45BF-993F-6BFED5739660}.Release|x86.ActiveCfg = Release|Win32
		{80889B1D-D332-45BF-993F-6BFED5739660}.Release|x86.Build.0 = Release|Win32
		{2112F63C-0FE9-443E-B2F2-193510D40BD8}.Debug|x64.ActiveCfg = Debug|x64
		{2112F63C-0FE9-443E-B2F2-193510D40BD8}.Debug|x64.Build.0 = Debug|x64
		{2112F63C-0FE9-443E-B2F2-193510D40BD8}.Debug|x86.ActiveCfg = Debug|Win32
		{2112F63C-0FE9-443E-B2F2-193510D40BD8}.Debug|x86.Build.0 = Debug|Win32
		{2112F63C-0FE9-443E-B2F2-193510D40BD8}.Release|x64.ActiveCfg = Release|x64
		{2112F63C-0FE9-443E-B2F2-193510D40BD8}.Release|x64.Build.0 = Release|x64
		{2112F63C-0FE9-443E-B2F2-193510D40BD8}.Release|x86.ActiveCfg = Release|Win32
		{2112F63C-0FE9-443E-B2F2-193510D40BD8}.Release|x86.Build.0 = Release|Win32
	EndGlobalSection
	GlobalSection(SolutionProperties) = preSolution
		HideSolutionNode = FALSE
	EndGlobalSection
	GlobalSection(ExtensibilityGlobals) = postSolution
		SolutionGuid = {362BE87B-76B1-410D-8BAA-5BE3F2DE43B9}
	EndGlobalSection
EndGlobal
